
Microsoft Visual Studio Solution File, Format Version 12.00
# Visual Studio Version 17
VisualStudioVersion = 17.1.32414.318
MinimumVisualStudioVersion = 10.0.40219.1
Project("{FAE04EC0-301F-11D3-BF4B-00C04F79EFBC}") = "AXIE BIRD", "AXIE BIRD.csproj", "{EAA341A5-83EB-4B0C-B7DE-627A242D3875}"
EndProject
Global
	GlobalSection(SolutionConfigurationPlatforms) = preSolution
		Debug|Any CPU = Debug|Any CPU
		Release|Any CPU = Release|Any CPU
	EndGlobalSection
	GlobalSection(ProjectConfigurationPlatforms) = postSolution
		{EAA341A5-83EB-4B0C-B7DE-627A242D3875}.Debug|Any CPU.ActiveCfg = Debug|Any CPU
		{EAA341A5-83EB-4B0C-B7DE-627A242D3875}.Debug|Any CPU.Build.0 = Debug|Any CPU
		{EAA341A5-83EB-4B0C-B7DE-627A242D3875}.Release|Any CPU.ActiveCfg = Release|Any CPU
		{EAA341A5-83EB-4B0C-B7DE-627A242D3875}.Release|Any CPU.Build.0 = Release|Any CPU
	EndGlobalSection
	GlobalSection(SolutionProperties) = preSolution
		HideSolutionNode = FALSE
	EndGlobalSection
	GlobalSection(ExtensibilityGlobals) = postSolution
		SolutionGuid = {1BB277AC-34B2-4F15-94A7-9C25A4E1EAB1}
	EndGlobalSection
EndGlobal
